
Microsoft Visual Studio Solution File, Format Version 12.00
# Visual Studio Version 16
VisualStudioVersion = 16.0.30413.136
MinimumVisualStudioVersion = 10.0.40219.1
Project("{FAE04EC0-301F-11D3-BF4B-00C04F79EFBC}") = "WebCrawler_Project", "WebCrawler_Project\WebCrawler_Project.csproj", "{1D1B7DBB-9BA7-41F1-B9DA-A645669969EB}"
EndProject
Global
	GlobalSection(SolutionConfigurationPlatforms) = preSolution
		Debug|Any CPU = Debug|Any CPU
		Release|Any CPU = Release|Any CPU
	EndGlobalSection
	GlobalSection(ProjectConfigurationPlatforms) = postSolution
		{1D1B7DBB-9BA7-41F1-B9DA-A645669969EB}.Debug|Any CPU.ActiveCfg = Debug|Any CPU
		{1D1B7DBB-9BA7-41F1-B9DA-A645669969EB}.Debug|Any CPU.Build.0 = Debug|Any CPU
		{1D1B7DBB-9BA7-41F1-B9DA-A645669969EB}.Release|Any CPU.ActiveCfg = Release|Any CPU
		{1D1B7DBB-9BA7-41F1-B9DA-A645669969EB}.Release|Any CPU.Build.0 = Release|Any CPU
	EndGlobalSection
	GlobalSection(SolutionProperties) = preSolution
		HideSolutionNode = FALSE
	EndGlobalSection
	GlobalSection(ExtensibilityGlobals) = postSolution
		SolutionGuid = {B3F5460F-5818-4871-A7CB-702B9A951F9C}
	EndGlobalSection
EndGlobal
